
Microsoft Visual Studio Solution File, Format Version 12.00
# Visual Studio Version 17
VisualStudioVersion = 17.0.31903.59
MinimumVisualStudioVersion = 10.0.40219.1
Project("{9A19103F-16F7-4668-BE54-9A1E7A4F7556}") = "SportsStore", "SportsStore\SportsStore.csproj", "{B30A64B9-FD2B-453C-9DEA-933678C73505}"
EndProject
Global
	GlobalSection(SolutionConfigurationPlatforms) = preSolution
		Debug|Any CPU = Debug|Any CPU
		Release|Any CPU = Release|Any CPU
	EndGlobalSection
	GlobalSection(ProjectConfigurationPlatforms) = postSolution
		{B30A64B9-FD2B-453C-9DEA-933678C73505}.Debug|Any CPU.ActiveCfg = Debug|Any CPU
		{B30A64B9-FD2B-453C-9DEA-933678C73505}.Debug|Any CPU.Build.0 = Debug|Any CPU
		{B30A64B9-FD2B-453C-9DEA-933678C73505}.Release|Any CPU.ActiveCfg = Release|Any CPU
		{B30A64B9-FD2B-453C-9DEA-933678C73505}.Release|Any CPU.Build.0 = Release|Any CPU
	EndGlobalSection
	GlobalSection(SolutionProperties) = preSolution
		HideSolutionNode = FALSE
	EndGlobalSection
	GlobalSection(ExtensibilityGlobals) = postSolution
		SolutionGuid = {2C62ECCA-6AE9-425E-BDF8-1086570FF9AE}
	EndGlobalSection
EndGlobal
